
Microsoft Visual Studio Solution File, Format Version 12.00
# Visual Studio Version 16
VisualStudioVersion = 16.0.30413.136
MinimumVisualStudioVersion = 15.0.26124.0
Project("{9A19103F-16F7-4668-BE54-9A1E7A4F7556}") = "S3ObjectLambda", "S3ObjectLambda\S3ObjectLambda.csproj", "{59744C58-468E-402F-93B4-ADBA91F827E9}"
EndProject
Project("{9A19103F-16F7-4668-BE54-9A1E7A4F7556}") = "TransformXML.Lambda", "..\TransformXMLLambda\TransformXML.Lambda.csproj", "{D19C66F5-38E9-4FCF-95A2-AA502211BC7D}"
EndProject
Global
	GlobalSection(SolutionConfigurationPlatforms) = preSolution
		Debug|Any CPU = Debug|Any CPU
		Debug|x64 = Debug|x64
		Debug|x86 = Debug|x86
		Release|Any CPU = Release|Any CPU
		Release|x64 = Release|x64
		Release|x86 = Release|x86
	EndGlobalSection
	GlobalSection(ProjectConfigurationPlatforms) = postSolution
		{59744C58-468E-402F-93B4-ADBA91F827E9}.Debug|Any CPU.ActiveCfg = Debug|Any CPU
		{59744C58-468E-402F-93B4-ADBA91F827E9}.Debug|Any CPU.Build.0 = Debug|Any CPU
		{59744C58-468E-402F-93B4-ADBA91F827E9}.Debug|x64.ActiveCfg = Debug|Any CPU
		{59744C58-468E-402F-93B4-ADBA91F827E9}.Debug|x64.Build.0 = Debug|Any CPU
		{59744C58-468E-402F-93B4-ADBA91F827E9}.Debug|x86.ActiveCfg = Debug|Any CPU
		{59744C58-468E-402F-93B4-ADBA91F827E9}.Debug|x86.Build.0 = Debug|Any CPU
		{59744C58-468E-402F-93B4-ADBA91F827E9}.Release|Any CPU.ActiveCfg = Release|Any CPU
		{59744C58-468E-402F-93B4-ADBA91F827E9}.Release|Any CPU.Build.0 = Release|Any CPU
		{59744C58-468E-402F-93B4-ADBA91F827E9}.Release|x64.ActiveCfg = Release|Any CPU
		{59744C58-468E-402F-93B4-ADBA91F827E9}.Release|x64.Build.0 = Release|Any CPU
		{59744C58-468E-402F-93B4-ADBA91F827E9}.Release|x86.ActiveCfg = Release|Any CPU
		{59744C58-468E-402F-93B4-ADBA91F827E9}.Release|x86.Build.0 = Release|Any CPU
		{D19C66F5-38E9-4FCF-95A2-AA502211BC7D}.Debug|Any CPU.ActiveCfg = Debug|Any CPU
		{D19C66F5-38E9-4FCF-95A2-AA502211BC7D}.Debug|Any CPU.Build.0 = Debug|Any CPU
		{D19C66F5-38E9-4FCF-95A2-AA502211BC7D}.Debug|x64.ActiveCfg = Debug|Any CPU
		{D19C66F5-38E9-4FCF-95A2-AA502211BC7D}.Debug|x64.Build.0 = Debug|Any CPU
		{D19C66F5-38E9-4FCF-95A2-AA502211BC7D}.Debug|x86.ActiveCfg = Debug|Any CPU
		{D19C66F5-38E9-4FCF-95A2-AA502211BC7D}.Debug|x86.Build.0 = Debug|Any CPU
		{D19C66F5-38E9-4FCF-95A2-AA502211BC7D}.Release|Any CPU.ActiveCfg = Release|Any CPU
		{D19C66F5-38E9-4FCF-95A2-AA502211BC7D}.Release|Any CPU.Build.0 = Release|Any CPU
		{D19C66F5-38E9-4FCF-95A2-AA502211BC7D}.Release|x64.ActiveCfg = Release|Any CPU
		{D19C66F5-38E9-4FCF-95A2-AA502211BC7D}.Release|x64.Build.0 = Release|Any CPU
		{D19C66F5-38E9-4FCF-95A2-AA502211BC7D}.Release|x86.ActiveCfg = Release|Any CPU
		{D19C66F5-38E9-4FCF-95A2-AA502211BC7D}.Release|x86.Build.0 = Release|Any CPU
	EndGlobalSection
	GlobalSection(SolutionProperties) = preSolution
		HideSolutionNode = FALSE
	EndGlobalSection
	GlobalSection(ExtensibilityGlobals) = postSolution
		SolutionGuid = {99F9AD85-A526-4C32-A428-B2F9E568EFB7}
	EndGlobalSection
EndGlobal
